GIT
  remote: https://github.com/corgibytes/ruby-debug-ide
  revision: 4778461bf622c208f355bc193c9726871a8ed71d
  branch: feature-add-fixed-port-range
  specs:
    ruby-debug-ide (0.7.3)
      rake (>= 0.8.1)

GIT
  remote: https://github.com/department-of-veterans-affairs/active_model_serializers
  revision: 19015caa80227e5ae5d62179129edcaa43fb3d9d
  branch: master
  specs:
    active_model_serializers (0.10.4.vsp)
      actionpack (>= 4.1)
      activemodel (>= 4.1)
      case_transform (>= 0.2)
      jsonapi (= 0.1.1.beta6)

GIT
  remote: https://github.com/department-of-veterans-affairs/apivore
  revision: b5b6c9803334f9ddc1c11e4f201fdc9f6353ef59
  branch: master
  specs:
    apivore (1.6.2.vsp)
      actionpack (>= 4)
      hashie (~> 3.3)
      json-schema (~> 2.5)
      rspec (~> 3)
      rspec-expectations (~> 3.1)
      rspec-mocks (~> 3.1)

GIT
  remote: https://github.com/department-of-veterans-affairs/betamocks
  revision: d73d334c2c22ddffbec19695ecfa55aa8934a535
  branch: master
  specs:
    betamocks (0.8.0)
      activesupport (>= 4.2)
      adler32
      faraday (>= 0.7.4, < 2.0)

GIT
  remote: https://github.com/department-of-veterans-affairs/bgs-ext.git
  revision: 0cbbd6eec049c3c2541d249c0d4fcd81c8e06ac9
  specs:
    bgs_ext (0.21.2)
      httpclient
      nokogiri (>= 1.8.5)
      savon (~> 2.12)

GIT
  remote: https://github.com/department-of-veterans-affairs/connect_vbms.git
  revision: 049b3c5068fa6c6d1cae0b58654529316b84be57
  branch: master
  specs:
    connect_vbms (1.2.0)
      httpclient (~> 2.8.0)
      httpi (~> 2.4)
      mail
      nokogiri (>= 1.8.4)
      nori
      xmldsig (~> 0.3.1)
      xmlenc

GIT
  remote: https://github.com/department-of-veterans-affairs/vets-json-schema
  revision: daa6f14539b167dc179cd4495159d58eade30211
  branch: master
  specs:
    vets_json_schema (20.18.0)
      multi_json (~> 1.0)
      script_utils (= 0.0.4)

PATH
  remote: modules
  specs:
    appeals_api (0.0.1)
      sidekiq
    apps_api (0.0.1)
      faraday
      sidekiq
    check_in (0.1.0)
    claims_api (0.0.1)
    covid_research (0.1.0)
      rails (~> 6.1.4.1)
      sidekiq
    covid_vaccine (0.1.0)
      sidekiq
    facilities_api (0.1.0)
    health_quest (0.1.0)
    identity (0.1.0)
    meb_api (0.1.0)
    mobile (0.1.0)
      dry-validation
    openid_auth (0.0.1)
    test_user_dashboard (0.1.0)
      google-cloud-bigquery
      rails (~> 6.1.4.1)
    va_forms (0.0.1)
      faraday
      nokogiri
      paper_trail
      sidekiq
    vaos (0.1.0)
      sidekiq
    vba_documents (1.0.0)
      aws-sdk-s3 (~> 1)
      sidekiq
    veteran (0.0.1)
    veteran_confirmation (0.0.1)
    veteran_verification (0.0.1)

GEM
  remote: https://rubygems.org/
  remote: https://enterprise.contribsys.com/
  specs:
    Ascii85 (1.1.0)
    aasm (5.2.0)
      concurrent-ruby (~> 1.0)
    actioncable (6.1.4.1)
      actionpack (= 6.1.4.1)
      activesupport (= 6.1.4.1)
      nio4r (~> 2.0)
      websocket-driver (>= 0.6.1)
    actionmailbox (6.1.4.1)
      actionpack (= 6.1.4.1)
      activejob (= 6.1.4.1)
      activerecord (= 6.1.4.1)
      activestorage (= 6.1.4.1)
      activesupport (= 6.1.4.1)
      mail (>= 2.7.1)
    actionmailer (6.1.4.1)
      actionpack (= 6.1.4.1)
      actionview (= 6.1.4.1)
      activejob (= 6.1.4.1)
      activesupport (= 6.1.4.1)
      mail (~> 2.5, >= 2.5.4)
      rails-dom-testing (~> 2.0)
    actionpack (6.1.4.1)
      actionview (= 6.1.4.1)
      activesupport (= 6.1.4.1)
      rack (~> 2.0, >= 2.0.9)
      rack-test (>= 0.6.3)
      rails-dom-testing (~> 2.0)
      rails-html-sanitizer (~> 1.0, >= 1.2.0)
    actiontext (6.1.4.1)
      actionpack (= 6.1.4.1)
      activerecord (= 6.1.4.1)
      activestorage (= 6.1.4.1)
      activesupport (= 6.1.4.1)
      nokogiri (>= 1.8.5)
    actionview (6.1.4.1)
      activesupport (= 6.1.4.1)
      builder (~> 3.1)
      erubi (~> 1.4)
      rails-dom-testing (~> 2.0)
      rails-html-sanitizer (~> 1.1, >= 1.2.0)
    activejob (6.1.4.1)
      activesupport (= 6.1.4.1)
      globalid (>= 0.3.6)
    activemodel (6.1.4.1)
      activesupport (= 6.1.4.1)
    activerecord (6.1.4.1)
      activemodel (= 6.1.4.1)
      activesupport (= 6.1.4.1)
    activerecord-import (1.2.0)
      activerecord (>= 3.2)
    activerecord-postgis-adapter (7.1.1)
      activerecord (~> 6.1)
      rgeo-activerecord (~> 7.0.0)
    activestorage (6.1.4.1)
      actionpack (= 6.1.4.1)
      activejob (= 6.1.4.1)
      activerecord (= 6.1.4.1)
      activesupport (= 6.1.4.1)
      marcel (~> 1.0.0)
      mini_mime (>= 1.1.0)
    activesupport (6.1.4.1)
      concurrent-ruby (~> 1.0, >= 1.0.2)
      i18n (>= 1.6, < 2)
      minitest (>= 5.1)
      tzinfo (~> 2.0)
      zeitwerk (~> 2.3)
    addressable (2.8.0)
      public_suffix (>= 2.0.2, < 5.0)
    adler32 (0.0.2)
    afm (0.2.2)
    akami (1.3.1)
      gyoku (>= 0.4.0)
      nokogiri
    ast (2.4.2)
    attr_extras (6.2.4)
    awesome_print (1.9.2)
    aws-eventstream (1.2.0)
    aws-partitions (1.539.0)
    aws-sdk-core (3.124.0)
      aws-eventstream (~> 1, >= 1.0.2)
      aws-partitions (~> 1, >= 1.525.0)
      aws-sigv4 (~> 1.1)
      jmespath (~> 1.0)
    aws-sdk-kms (1.52.0)
      aws-sdk-core (~> 3, >= 3.122.0)
      aws-sigv4 (~> 1.1)
    aws-sdk-s3 (1.109.0)
      aws-sdk-core (~> 3, >= 3.122.0)
      aws-sdk-kms (~> 1)
      aws-sigv4 (~> 1.4)
    aws-sdk-sns (1.49.0)
      aws-sdk-core (~> 3, >= 3.122.0)
      aws-sigv4 (~> 1.1)
    aws-sigv4 (1.4.0)
      aws-eventstream (~> 1, >= 1.0.2)
    axiom-types (0.1.1)
      descendants_tracker (~> 0.0.4)
      ice_nine (~> 0.11.0)
      thread_safe (~> 0.3, >= 0.3.1)
    bcp47 (0.3.3)
      i18n
    bindex (0.8.1)
    blueprinter (0.25.3)
    bootsnap (1.9.3)
      msgpack (~> 1.0)
    brakeman (5.1.2)
    breakers (0.5.0)
      faraday (>= 0.7.4, < 2.0)
      multi_json (~> 1.0)
    builder (3.2.4)
    bundler-audit (0.9.0.1)
      bundler (>= 1.2.0, < 3)
      thor (~> 1.0)
    byebug (11.1.3)
    carrierwave (2.2.2)
      activemodel (>= 5.0.0)
      activesupport (>= 5.0.0)
      addressable (~> 2.6)
      image_processing (~> 1.1)
      marcel (~> 1.0.0)
      mini_mime (>= 0.1.3)
      ssrf_filter (~> 1.0)
    carrierwave-aws (1.5.0)
      aws-sdk-s3 (~> 1.0)
      carrierwave (~> 2.0)
    case_transform (0.2)
      activesupport
    claide (1.0.3)
    claide-plugins (0.9.2)
      cork
      nap
      open4 (~> 1.3)
    clam_scan (0.0.2)
    cliver (0.3.2)
    coderay (1.1.3)
    coercible (1.0.0)
      descendants_tracker (~> 0.0.1)
    colored2 (3.1.2)
    combine_pdf (1.0.22)
      matrix
      ruby-rc4 (>= 0.1.5)
    concurrent-ruby (1.1.9)
    config (3.1.0)
      deep_merge (~> 1.2, >= 1.2.1)
      dry-validation (~> 1.0, >= 1.0.0)
    connection_pool (2.2.5)
    content_disposition (1.0.0)
    cork (0.3.0)
      colored2 (~> 3.1)
    crack (0.4.5)
      rexml
    crass (1.0.6)
    danger (8.4.2)
      claide (~> 1.0)
      claide-plugins (>= 0.9.2)
      colored2 (~> 3.1)
      cork (~> 0.1)
      faraday (>= 0.9.0, < 2.0)
      faraday-http-cache (~> 2.0)
      git (~> 1.7)
      kramdown (~> 2.3)
      kramdown-parser-gfm (~> 1.0)
      no_proxy_fix
      octokit (~> 4.7)
      terminal-table (>= 1, < 4)
    database_cleaner (2.0.1)
      database_cleaner-active_record (~> 2.0.0)
    database_cleaner-active_record (2.0.1)
      activerecord (>= 5.a)
      database_cleaner-core (~> 2.0.0)
    database_cleaner-core (2.0.1)
    date_time_precision (0.8.1)
    date_validator (0.12.0)
      activemodel (>= 3)
      activesupport (>= 3)
    debase (0.2.4.1)
      debase-ruby_core_source (>= 0.10.2)
    debase-ruby_core_source (0.10.12)
    declarative (0.0.20)
    deep_merge (1.2.1)
    descendants_tracker (0.0.4)
      thread_safe (~> 0.3, >= 0.3.1)
    diff-lcs (1.4.4)
    docile (1.3.5)
    domain_name (0.5.20190701)
      unf (>= 0.0.5, < 1.0.0)
    down (5.2.2)
      addressable (~> 2.5)
    dry-configurable (0.12.1)
      concurrent-ruby (~> 1.0)
      dry-core (~> 0.5, >= 0.5.0)
    dry-container (0.7.2)
      concurrent-ruby (~> 1.0)
      dry-configurable (~> 0.1, >= 0.1.3)
    dry-core (0.5.0)
      concurrent-ruby (~> 1.0)
    dry-equalizer (0.3.0)
    dry-inflector (0.2.0)
    dry-initializer (3.0.4)
    dry-logic (1.2.0)
      concurrent-ruby (~> 1.0)
      dry-core (~> 0.5, >= 0.5)
    dry-schema (1.6.2)
      concurrent-ruby (~> 1.0)
      dry-configurable (~> 0.8, >= 0.8.3)
      dry-core (~> 0.5, >= 0.5)
      dry-initializer (~> 3.0)
      dry-logic (~> 1.0)
      dry-types (~> 1.5)
    dry-struct (1.4.0)
      dry-core (~> 0.5, >= 0.5)
      dry-types (~> 1.5)
      ice_nine (~> 0.11)
    dry-types (1.5.1)
      concurrent-ruby (~> 1.0)
      dry-container (~> 0.3)
      dry-core (~> 0.5, >= 0.5)
      dry-inflector (~> 0.1, >= 0.1.2)
      dry-logic (~> 1.0, >= 1.0.2)
    dry-validation (1.6.0)
      concurrent-ruby (~> 1.0)
      dry-container (~> 0.7, >= 0.7.1)
      dry-core (~> 0.4)
      dry-equalizer (~> 0.2)
      dry-initializer (~> 3.0)
      dry-schema (~> 1.5, >= 1.5.2)
    e2mmap (0.1.0)
    ecma-re-validator (0.3.0)
      regexp_parser (~> 2.0)
    einhorn (0.8.2)
    erubi (1.10.0)
    et-orbi (1.2.4)
      tzinfo
    ethon (0.15.0)
      ffi (>= 1.15.0)
    expgen (0.1.1)
      parslet
    factory_bot (6.2.0)
      activesupport (>= 5.0.0)
    factory_bot_rails (6.2.0)
      factory_bot (~> 6.2.0)
      railties (>= 5.0.0)
    faker (2.19.0)
      i18n (>= 1.6, < 2)
    fakeredis (0.8.0)
      redis (~> 4.1)
    faraday (0.17.4)
      multipart-post (>= 1.2, < 3)
    faraday-http-cache (2.2.0)
      faraday (>= 0.8)
    faraday_adapter_socks (0.1.1)
      faraday (~> 0.9)
      socksify (~> 1.7)
    faraday_curl (0.0.2)
      faraday (>= 0.9.0)
    faraday_middleware (0.14.0)
      faraday (>= 0.7.4, < 1.0)
    fast_jsonapi (1.5)
      activesupport (>= 4.2)
    fastimage (2.2.5)
    ffi (1.15.4)
    fhir_client (5.0.2)
      activesupport (>= 3)
      addressable (>= 2.3)
      fhir_dstu2_models (>= 1.1.1)
      fhir_models (>= 4.2.1)
      fhir_stu3_models (>= 3.1.1)
      nokogiri (>= 1.10.4)
      oauth2 (~> 1.1)
      rack (>= 1.5)
      rest-client (~> 2.0)
      tilt (>= 1.1)
    fhir_dstu2_models (1.1.1)
      bcp47 (>= 0.3)
      date_time_precision (>= 0.8)
      mime-types (>= 3.0)
      nokogiri (>= 1.11.4)
    fhir_models (4.2.1)
      bcp47 (>= 0.3)
      date_time_precision (>= 0.8)
      mime-types (>= 3.0)
      nokogiri (>= 1.11.4)
    fhir_stu3_models (3.1.1)
      bcp47 (>= 0.3)
      date_time_precision (>= 0.8)
      mime-types (>= 3.0)
      nokogiri (>= 1.11.4)
    filelock (1.1.1)
    find_a_port (1.0.1)
    flipper (0.22.2)
    flipper-active_record (0.22.1)
      activerecord (>= 4.2, < 7)
      flipper (~> 0.22.1)
    flipper-active_support_cache_store (0.22.2)
      activesupport (>= 4.2, < 7)
      flipper (~> 0.22.2)
    flipper-ui (0.22.0)
      erubi (>= 1.0.0, < 2.0.0)
      flipper (~> 0.22.0)
      rack (>= 1.4, < 3)
      rack-protection (>= 1.5.3, < 2.2.0)
    foreman (0.87.2)
    formatador (0.3.0)
    fugit (1.4.5)
      et-orbi (~> 1.1, >= 1.1.8)
      raabro (~> 1.4)
    fuubar (2.5.1)
      rspec-core (~> 3.0)
      ruby-progressbar (~> 1.4)
    gems (1.2.0)
    git (1.9.1)
      rchardet (~> 1.8)
    globalid (0.5.2)
      activesupport (>= 5.0)
    google-api-client (0.53.0)
      google-apis-core (~> 0.1)
      google-apis-generator (~> 0.1)
    google-apis-bigquery_v2 (0.22.0)
      google-apis-core (>= 0.4, < 2.a)
    google-apis-core (0.4.1)
      addressable (~> 2.5, >= 2.5.1)
      googleauth (>= 0.16.2, < 2.a)
      httpclient (>= 2.8.1, < 3.a)
      mini_mime (~> 1.0)
      representable (~> 3.0)
      retriable (>= 2.0, < 4.a)
      rexml
      webrick
    google-apis-discovery_v1 (0.5.0)
      google-apis-core (>= 0.3, < 2.a)
    google-apis-generator (0.4.0)
      activesupport (>= 5.0)
      gems (~> 1.2)
      google-apis-core (>= 0.4, < 2.a)
      google-apis-discovery_v1 (~> 0.5)
      thor (>= 0.20, < 2.a)
    google-cloud-bigquery (1.38.0)
      concurrent-ruby (~> 1.0)
      google-apis-bigquery_v2 (~> 0.1)
      google-cloud-core (~> 1.6)
      googleauth (>= 0.16.2, < 2.a)
      mini_mime (~> 1.0)
    google-cloud-core (1.6.0)
      google-cloud-env (~> 1.0)
      google-cloud-errors (~> 1.0)
    google-cloud-env (1.5.0)
      faraday (>= 0.17.3, < 2.0)
    google-cloud-errors (1.2.0)
    google-protobuf (3.19.1)
    googleauth (1.1.0)
      faraday (>= 0.17.3, < 2.0)
      jwt (>= 1.4, < 3.0)
      memoist (~> 0.16)
      multi_json (~> 1.11)
      os (>= 0.9, < 2.0)
      signet (>= 0.16, < 2.a)
    govdelivery-tms (2.8.4)
      activesupport
      faraday
      faraday_middleware
      mime-types
    guard (2.18.0)
      formatador (>= 0.2.4)
      listen (>= 2.7, < 4.0)
      lumberjack (>= 1.0.12, < 2.0)
      nenv (~> 0.1)
      notiffany (~> 0.0)
      pry (>= 0.13.0)
      shellany (~> 0.0)
      thor (>= 0.18.1)
    guard-compat (1.2.1)
    guard-rspec (4.7.3)
      guard (~> 2.1)
      guard-compat (~> 1.1)
      rspec (>= 2.99.0, < 4.0)
    guard-rubocop (1.5.0)
      guard (~> 2.0)
      rubocop (< 2.0)
    gyoku (1.3.1)
      builder (>= 2.1.2)
    hana (1.3.7)
    hashdiff (1.0.1)
    hashery (2.1.2)
    hashie (3.6.0)
    holidays (8.4.1)
    http-accept (1.7.0)
    http-cookie (1.0.4)
      domain_name (~> 0.5)
    httpclient (2.8.3)
    httpi (2.4.5)
      rack
      socksify
    i18n (1.8.11)
      concurrent-ruby (~> 1.0)
    ice_nine (0.11.2)
    image_processing (1.12.1)
      mini_magick (>= 4.9.5, < 5)
      ruby-vips (>= 2.0.17, < 3)
    iso_country_codes (0.7.8)
    jmespath (1.4.0)
    json (2.6.1)
    json-schema (2.8.1)
      addressable (>= 2.4)
    json_schemer (0.2.18)
      ecma-re-validator (~> 0.3)
      hana (~> 1.3)
      regexp_parser (~> 2.0)
      uri_template (~> 0.7)
    jsonapi (0.1.1.beta6)
      jsonapi-parser (= 0.1.1.beta3)
      jsonapi-renderer (= 0.1.1.beta1)
    jsonapi-parser (0.1.1.beta3)
    jsonapi-renderer (0.1.1.beta1)
    jwt (2.3.0)
    kms_encrypted (1.3.0)
      activesupport (>= 5)
    kramdown (2.3.1)
      rexml
    kramdown-parser-gfm (1.1.0)
      kramdown (~> 2.0)
    levenshtein-ffi (1.1.0)
      ffi (~> 1.9)
    liquid (5.1.0)
    listen (3.7.0)
      rb-fsevent (~> 0.10, >= 0.10.3)
      rb-inotify (~> 0.9, >= 0.9.10)
    lockbox (0.6.6)
    loofah (2.12.0)
      crass (~> 1.0.2)
      nokogiri (>= 1.5.9)
    lumberjack (1.2.8)
    mail (2.7.1)
      mini_mime (>= 0.1.1)
    marcel (1.0.1)
    matrix (0.4.2)
    memoist (0.16.2)
    method_source (1.0.0)
    mime-types (3.3.1)
      mime-types-data (~> 3.2015)
    mime-types-data (3.2021.0901)
    mimemagic (0.4.3)
      nokogiri (~> 1)
      rake
    mini_magick (4.11.0)
    mini_mime (1.1.2)
    mini_portile2 (2.6.1)
    minitest (5.14.4)
    msgpack (1.4.2)
    multi_json (1.15.0)
    multi_xml (0.6.0)
    multipart-post (2.1.1)
    nap (1.1.0)
    nenv (0.3.0)
    net-sftp (3.0.0)
      net-ssh (>= 5.0.0, < 7.0.0)
    net-ssh (6.1.0)
    netrc (0.11.0)
    nio4r (2.5.8)
    no_proxy_fix (0.1.2)
    nokogiri (1.12.5)
      mini_portile2 (~> 2.6.1)
      racc (~> 1.4)
    nori (2.6.0)
    notiffany (0.1.3)
      nenv (~> 0.1)
      shellany (~> 0.0)
    notifications-ruby-client (5.3.0)
      jwt (>= 1.5, < 3)
    oauth2 (1.4.7)
      faraday (>= 0.8, < 2.0)
      jwt (>= 1.0, < 3.0)
      multi_json (~> 1.3)
      multi_xml (~> 0.5)
      rack (>= 1.2, < 3)
    octokit (4.21.0)
      faraday (>= 0.9)
      sawyer (~> 0.8.0, >= 0.5.3)
    oj (3.13.9)
    okcomputer (1.18.4)
    olive_branch (4.0.0)
      multi_json
      rails (>= 4.0)
    open4 (1.3.4)
    operating_hours (0.1.0)
    optimist (3.0.1)
    os (1.1.4)
    ox (2.14.6)
    pact (1.60.0)
      pact-mock_service (~> 3.0, >= 3.3.1)
      pact-support (~> 1.16, >= 1.16.9)
      rack-test (>= 0.6.3, < 2.0.0)
      rspec (~> 3.0)
      term-ansicolor (~> 1.0)
      thor (>= 0.20, < 2.0)
      webrick (~> 1.3)
    pact-mock_service (3.9.1)
      filelock (~> 1.1)
      find_a_port (~> 1.0.1)
      json
      pact-support (~> 1.16, >= 1.16.4)
      rack (~> 2.0)
      rspec (>= 2.14)
      term-ansicolor (~> 1.0)
      thor (>= 0.19, < 2.0)
      webrick (~> 1.3)
    pact-support (1.17.0)
      awesome_print (~> 1.9)
      diff-lcs (~> 1.4)
      expgen (~> 0.1)
      term-ansicolor (~> 1.0)
    paper_trail (12.1.0)
      activerecord (>= 5.2)
      request_store (~> 1.1)
    parallel (1.21.0)
    parallel_tests (3.7.3)
      parallel
    parser (3.0.2.0)
      ast (~> 2.4.1)
    parslet (2.0.0)
    patience_diff (1.2.0)
      optimist (~> 3.0)
    pdf-core (0.9.0)
    pdf-forms (1.3.0)
      cliver (~> 0.3.2)
      safe_shell (>= 1.0.3, < 2.0)
    pdf-inspector (1.3.0)
      pdf-reader (>= 1.0, < 3.0.a)
    pdf-reader (2.6.0)
      Ascii85 (~> 1.0)
      afm (~> 0.2.1)
      hashery (~> 2.0)
      ruby-rc4
      ttfunk
    pg (1.2.3)
    pg_query (2.1.2)
      google-protobuf (>= 3.17.1)
    pg_search (2.3.5)
      activerecord (>= 5.2)
      activesupport (>= 5.2)
    pghero (2.8.1)
      activerecord (>= 5)
    prawn (2.4.0)
      pdf-core (~> 0.9.0)
      ttfunk (~> 1.7)
    prawn-table (0.2.2)
      prawn (>= 1.3.0, < 3.0.0)
    pry (0.13.1)
      coderay (~> 1.1)
      method_source (~> 1.0)
    pry-byebug (3.9.0)
      byebug (~> 11.0)
      pry (~> 0.13.0)
    public_suffix (4.0.6)
    puma (5.5.2)
      nio4r (~> 2.0)
    puma-plugin-statsd (2.1.0)
      puma (>= 5.0, < 6)
    pundit (2.1.1)
      activesupport (>= 3.0.0)
    raabro (1.4.0)
    racc (1.6.0)
    rack (2.2.3)
    rack-attack (6.5.0)
      rack (>= 1.0, < 3)
    rack-cors (1.1.1)
      rack (>= 2.0.0)
    rack-protection (2.1.0)
      rack
    rack-test (1.1.0)
      rack (>= 1.0, < 3)
    rack-vcr (0.1.6)
      vcr (>= 2.9)
    rails (6.1.4.1)
      actioncable (= 6.1.4.1)
      actionmailbox (= 6.1.4.1)
      actionmailer (= 6.1.4.1)
      actionpack (= 6.1.4.1)
      actiontext (= 6.1.4.1)
      actionview (= 6.1.4.1)
      activejob (= 6.1.4.1)
      activemodel (= 6.1.4.1)
      activerecord (= 6.1.4.1)
      activestorage (= 6.1.4.1)
      activesupport (= 6.1.4.1)
      bundler (>= 1.15.0)
      railties (= 6.1.4.1)
      sprockets-rails (>= 2.0.0)
    rails-dom-testing (2.0.3)
      activesupport (>= 4.2.0)
      nokogiri (>= 1.6)
    rails-html-sanitizer (1.4.2)
      loofah (~> 2.3)
    rails-session_cookie (0.2.2)
      rails (>= 4.0)
    rails_semantic_logger (4.6.1)
      rack
      railties (>= 3.2)
      semantic_logger (~> 4.8)
    railties (6.1.4.1)
      actionpack (= 6.1.4.1)
      activesupport (= 6.1.4.1)
      method_source
      rake (>= 0.13)
      thor (~> 1.0)
    rainbow (3.0.0)
    rake (13.0.6)
    rb-fsevent (0.11.0)
    rb-inotify (0.10.1)
      ffi (~> 1.0)
    rchardet (1.8.0)
    redis (4.5.1)
    redis-namespace (1.8.1)
      redis (>= 3.0.4)
    regexp_parser (2.1.1)
    representable (3.1.1)
      declarative (< 0.1.0)
      trailblazer-option (>= 0.1.1, < 0.2.0)
      uber (< 0.2.0)
    request_store (1.5.0)
      rack (>= 1.4)
    rest-client (2.1.0)
      http-accept (>= 1.7.0, < 2.0)
      http-cookie (>= 1.0.2, < 2.0)
      mime-types (>= 1.16, < 4.0)
      netrc (~> 0.8)
    restforce (5.2.0)
      faraday (>= 0.9.0, <= 2.0)
      faraday_middleware (>= 0.8.8, <= 2.0)
      hashie (>= 1.2.0, < 5.0)
      jwt (>= 1.5.6)
    retriable (3.1.2)
    rexml (3.2.5)
    rgeo (2.3.0)
    rgeo-activerecord (7.0.1)
      activerecord (>= 5.0)
      rgeo (>= 1.0.0)
    rgeo-geojson (2.1.1)
      rgeo (>= 1.0.0)
    rspec (3.10.0)
      rspec-core (~> 3.10.0)
      rspec-expectations (~> 3.10.0)
      rspec-mocks (~> 3.10.0)
    rspec-core (3.10.1)
      rspec-support (~> 3.10.0)
    rspec-expectations (3.10.1)
      diff-lcs (>= 1.2.0, < 2.0)
      rspec-support (~> 3.10.0)
    rspec-instrumentation-matcher (0.0.9)
      activesupport
      rspec-expectations
    rspec-its (1.3.0)
      rspec-core (>= 3.0.0)
      rspec-expectations (>= 3.0.0)
    rspec-mocks (3.10.2)
      diff-lcs (>= 1.2.0, < 2.0)
      rspec-support (~> 3.10.0)
    rspec-rails (5.0.2)
      actionpack (>= 5.2)
      activesupport (>= 5.2)
      railties (>= 5.2)
      rspec-core (~> 3.10)
      rspec-expectations (~> 3.10)
      rspec-mocks (~> 3.10)
      rspec-support (~> 3.10)
    rspec-retry (0.6.2)
      rspec-core (> 3.3)
    rspec-support (3.10.2)
    rspec_junit_formatter (0.4.1)
      rspec-core (>= 2, < 4, != 2.12.0)
    rswag-specs (2.4.0)
      activesupport (>= 3.1, < 7.0)
      json-schema (~> 2.2)
      railties (>= 3.1, < 7.0)
    rswag-ui (2.4.0)
      actionpack (>= 3.1, < 7.0)
      railties (>= 3.1, < 7.0)
    rubocop (1.23.0)
      parallel (~> 1.10)
      parser (>= 3.0.0.0)
      rainbow (>= 2.2.2, < 4.0)
      regexp_parser (>= 1.8, < 3.0)
      rexml
      rubocop-ast (>= 1.12.0, < 2.0)
      ruby-progressbar (~> 1.7)
      unicode-display_width (>= 1.4.0, < 3.0)
    rubocop-ast (1.13.0)
      parser (>= 3.0.1.1)
    rubocop-junit-formatter (0.1.4)
    rubocop-rails (2.12.4)
      activesupport (>= 4.2.0)
      rack (>= 1.1)
      rubocop (>= 1.7.0, < 2.0)
    rubocop-rspec (2.6.0)
      rubocop (~> 1.19)
    rubocop-thread_safety (0.4.4)
      rubocop (>= 0.53.0)
    ruby-progressbar (1.11.0)
    ruby-rc4 (0.1.5)
    ruby-saml (1.13.0)
      nokogiri (>= 1.10.5)
      rexml
    ruby-vips (2.1.2)
      ffi (~> 1.12)
    rubyzip (2.3.2)
    rufus-scheduler (3.7.0)
      fugit (~> 1.1, >= 1.1.6)
    safe_shell (1.1.0)
    savon (2.12.1)
      akami (~> 1.2)
      builder (>= 2.1.2)
      gyoku (~> 1.2)
      httpi (~> 2.3)
      nokogiri (>= 1.8.1)
      nori (~> 2.4)
      wasabi (~> 3.4)
    sawyer (0.8.2)
      addressable (>= 2.3.5)
      faraday (> 0.8, < 2.0)
    script_utils (0.0.4)
    seedbank (0.5.0)
      rake (>= 10.0)
    semantic_logger (4.8.2)
      concurrent-ruby (~> 1.0)
    sentry-raven (2.13.0)
      faraday (>= 0.7.6, < 1.0)
    shellany (0.0.1)
    shrine (3.4.0)
      content_disposition (~> 1.0)
      down (~> 5.1)
    sidekiq (6.2.2)
      connection_pool (>= 2.2.2)
      rack (~> 2.0)
      redis (>= 4.2.0)
    sidekiq-ent (2.2.3)
      einhorn (>= 0.7.4)
      sidekiq (>= 6.2.0)
      sidekiq-pro (>= 5.2.0)
    sidekiq-pro (5.2.4)
      sidekiq (>= 6.2.0)
    sidekiq-scheduler (3.1.0)
      e2mmap
      redis (>= 3, < 5)
      rufus-scheduler (~> 3.2)
      sidekiq (>= 3)
      thwait
      tilt (>= 1.4.0)
    signet (0.16.0)
      addressable (~> 2.8)
      faraday (>= 0.17.3, < 2.0)
      jwt (>= 1.5, < 3.0)
      multi_json (~> 1.10)
    simplecov (0.21.2)
      docile (~> 1.1)
      simplecov-html (~> 0.11)
      simplecov_json_formatter (~> 0.1)
    simplecov-html (0.12.3)
    simplecov_json_formatter (0.1.2)
    slack-notify (0.6.0)
      faraday (>= 0.9)
      json (>= 1.8)
    socksify (1.7.1)
    spring (3.1.1)
    spring-commands-rspec (1.0.4)
      spring (>= 0.9.1)
    sprockets (4.0.2)
      concurrent-ruby (~> 1.0)
      rack (> 1, < 3)
    sprockets-rails (3.2.2)
      actionpack (>= 4.0)
      activesupport (>= 4.0)
      sprockets (>= 3.0.0)
    ssrf_filter (1.0.7)
    staccato (0.5.3)
    statsd-instrument (3.1.2)
    strong_migrations (0.7.8)
      activerecord (>= 5)
    super_diff (0.8.0)
      attr_extras (>= 6.2.4)
      diff-lcs
      patience_diff
    swagger-blocks (3.0.0)
    sync (0.5.0)
    term-ansicolor (1.7.1)
      tins (~> 1.0)
    terminal-table (3.0.2)
      unicode-display_width (>= 1.1.1, < 3)
    thor (1.1.0)
    thread_safe (0.3.6)
    thwait (0.2.0)
      e2mmap
    tilt (2.0.10)
    timecop (0.9.4)
    tins (1.29.1)
      sync
    trailblazer-option (0.1.2)
    ttfunk (1.7.0)
    typhoeus (1.4.0)
      ethon (>= 0.9.0)
    tzinfo (2.0.4)
      concurrent-ruby (~> 1.0)
    uber (0.1.0)
    unf (0.1.4)
      unf_ext
    unf_ext (0.0.8)
    unicode-display_width (2.1.0)
    uri_template (0.7.0)
    utf8-cleaner (1.0.0)
      activesupport
    vcr (6.0.0)
    virtus (2.0.0)
      axiom-types (~> 0.1)
      coercible (~> 1.0)
      descendants_tracker (~> 0.0, >= 0.0.3)
    warden (1.2.9)
      rack (>= 2.0.9)
    warden-github (1.3.2)
      activesupport (> 3.0)
      octokit (> 2.1.0)
      warden (> 1.0)
    wasabi (3.6.1)
      addressable
      httpi (~> 2.0)
      nokogiri (>= 1.4.2)
    web-console (4.2.0)
      actionview (>= 6.0.0)
      activemodel (>= 6.0.0)
      bindex (>= 0.4.0)
      railties (>= 6.0.0)
    webmock (3.14.0)
      addressable (>= 2.8.0)
      crack (>= 0.3.2)
      hashdiff (>= 0.4.0, < 2.0.0)
    webrick (1.7.0)
    websocket-driver (0.7.5)
      websocket-extensions (>= 0.1.0)
    websocket-extensions (0.1.5)
    will_paginate (3.3.1)
    with_advisory_lock (4.6.0)
      activerecord (>= 4.2)
    xmldsig (0.3.2)
      nokogiri
    xmlenc (0.7.1)
      activemodel (>= 3.0.0)
      activesupport (>= 3.0.0)
      nokogiri (>= 1.6.0, < 2.0.0)
      xmlmapper (>= 0.7.3)
    xmlmapper (0.7.3)
      nokogiri (~> 1.5)
    yard (0.9.27)
      webrick (~> 1.7.0)
    zeitwerk (2.5.1)

PLATFORMS
  ruby

DEPENDENCIES
  aasm
  active_model_serializers!
  activerecord-import
  activerecord-postgis-adapter
  addressable
  apivore!
  appeals_api!
  apps_api!
  awesome_print
  aws-sdk-kms
  aws-sdk-s3 (~> 1)
  aws-sdk-sns (~> 1)
  betamocks!
  bgs_ext!
  blueprinter
  bootsnap
  brakeman
  breakers
  bundler-audit
  byebug
  carrierwave
  carrierwave-aws
  check_in!
  claims_api!
  clam_scan
  combine_pdf
  config
  connect_vbms!
  covid_research!
  covid_vaccine!
  danger
  database_cleaner
  date_validator
  debase
  dry-struct
  dry-types
  ethon (>= 0.13.0)
  facilities_api!
  factory_bot_rails
  faker
  fakeredis
  faraday
  faraday_adapter_socks
  faraday_curl
  faraday_middleware
  fast_jsonapi
  fastimage
  fhir_client
  flipper
  flipper-active_record
  flipper-active_support_cache_store
  flipper-ui (= 0.22.0)
  foreman
  fuubar
  google-api-client
  google-apis-core
  google-apis-generator
  google-cloud-bigquery
  googleauth
  govdelivery-tms (= 2.8.4)
  guard-rspec
  guard-rubocop
  gyoku
  health_quest!
  holidays
  httpclient
  ice_nine
  identity!
  iso_country_codes
  json
  json-schema
  json_schemer
  jsonapi-parser
  jwt
  kms_encrypted
  levenshtein-ffi
  liquid
  lockbox
  mail
  meb_api!
  memoist
  mimemagic
  mini_magick
  mobile!
  net-sftp
  nokogiri
  notifications-ruby-client
  octokit
  oj
  okcomputer
  olive_branch
  openid_auth!
  operating_hours
  ox
  pact
  pact-mock_service
  paper_trail
  parallel
  parallel_tests
  pdf-forms
  pdf-inspector
  pdf-reader
  pg
  pg_query
  pg_search
  pghero
  prawn
  prawn-table
  pry-byebug
  puma
  puma-plugin-statsd
  pundit
  rack
  rack-attack
  rack-cors
  rack-test
  rack-vcr
  rails (~> 6.1)
  rails-session_cookie
  rails_semantic_logger
  rainbow
  redis
  redis-namespace
  request_store
  restforce
  rgeo-geojson
  rspec-instrumentation-matcher
  rspec-its
  rspec-rails
  rspec-retry
  rspec_junit_formatter
  rswag-specs
  rswag-ui
  rubocop
  rubocop-junit-formatter
  rubocop-rails
  rubocop-rspec
  rubocop-thread_safety
  ruby-debug-ide!
  ruby-saml
  rubyzip
  savon
  seedbank
  sentry-raven
  shrine
  sidekiq
  sidekiq-ent!
  sidekiq-pro!
  sidekiq-scheduler
  simplecov
  slack-notify
  spring
  spring-commands-rspec
  staccato
  statsd-instrument
  strong_migrations
  super_diff
  swagger-blocks
  test_user_dashboard!
  timecop
  typhoeus
  tzinfo-data
  utf8-cleaner
  va_forms!
  vaos!
  vba_documents!
  vcr
  veteran!
  veteran_confirmation!
  veteran_verification!
  vets_json_schema!
  virtus
  warden-github
  web-console
  webmock
  webrick
  will_paginate
  with_advisory_lock
  yard

RUBY VERSION
   ruby 2.7.4p191

BUNDLED WITH
   2.1.4
