{
  "name": "appeals_api_bruno_scripts",
  "version": "1.0.0",
  "lockfileVersion": 2,
  "requires": true,
  "packages": {
    "": {
      "name": "appeals_api_bruno_scripts",
      "version": "1.0.0",
      "license": "ISC",
      "dependencies": {
        "jsrsasign": "^11.0.0"
      }
    },
    "node_modules/jsrsasign": {
      "version": "11.0.0",
      "resolved": "https://registry.npmjs.org/jsrsasign/-/jsrsasign-11.0.0.tgz",
      "integrity": "sha512-BtRwVKS+5dsgPpAtzJcpo5OoWjSs1/zllSBG0+8o8/aV0Ki76m6iZwHnwnsqoTdhfFZDN1XIdcaZr5ZkP+H2gg==",
      "funding": {
        "url": "https://github.com/kjur/jsrsasign#donations"
      }
    }
  },
  "dependencies": {
    "jsrsasign": {
      "version": "11.0.0",
      "resolved": "https://registry.npmjs.org/jsrsasign/-/jsrsasign-11.0.0.tgz",
      "integrity": "sha512-BtRwVKS+5dsgPpAtzJcpo5OoWjSs1/zllSBG0+8o8/aV0Ki76m6iZwHnwnsqoTdhfFZDN1XIdcaZr5ZkP+H2gg=="
    }
  }
}
