{
  "name": "appeals_api_bruno_scripts",
  "version": "1.0.0",
  "lockfileVersion": 2,
  "requires": true,
  "packages": {
    "": {
      "name": "appeals_api_bruno_scripts",
      "version": "1.0.0",
      "license": "ISC",
      "dependencies": {
        "jsrsasign": "^10.9.0"
      }
    },
    "node_modules/jsrsasign": {
      "version": "10.9.0",
      "resolved": "https://registry.npmjs.org/jsrsasign/-/jsrsasign-10.9.0.tgz",
      "integrity": "sha512-QWLUikj1SBJGuyGK8tjKSx3K7Y69KYJnrs/pQ1KZ6wvZIkHkWjZ1PJDpuvc1/28c1uP0KW9qn1eI1LzHQqDOwQ==",
      "funding": {
        "url": "https://github.com/kjur/jsrsasign#donations"
      }
    }
  },
  "dependencies": {
    "jsrsasign": {
      "version": "10.9.0",
      "resolved": "https://registry.npmjs.org/jsrsasign/-/jsrsasign-10.9.0.tgz",
      "integrity": "sha512-QWLUikj1SBJGuyGK8tjKSx3K7Y69KYJnrs/pQ1KZ6wvZIkHkWjZ1PJDpuvc1/28c1uP0KW9qn1eI1LzHQqDOwQ=="
    }
  }
}
